
Microsoft Visual Studio Solution File, Format Version 12.00
# Visual Studio Version 17
VisualStudioVersion = 17.0.32014.148
MinimumVisualStudioVersion = 10.0.40219.1
Project("{FAE04EC0-301F-11D3-BF4B-00C04F79EFBC}") = "EstateAgency.App", "EstateAgency.App\EstateAgency.App.csproj", "{C01E6179-80AC-47B2-A698-4FA328F34D56}"
EndProject
Project("{FAE04EC0-301F-11D3-BF4B-00C04F79EFBC}") = "EstateAgency.Lib", "EstateAgency.Lib\EstateAgency.Lib.csproj", "{6683A5C3-C4C8-4A55-B62D-6744838695B2}"
EndProject
Project("{FAE04EC0-301F-11D3-BF4B-00C04F79EFBC}") = "EstateAgency.Core", "EstateAgency.Core\EstateAgency.Core.csproj", "{AC0311EC-7DEE-4D30-85B8-256CBB0B704F}"
EndProject
Project("{FAE04EC0-301F-11D3-BF4B-00C04F79EFBC}") = "EstateAgency.WebApi", "EstateAgency.WebApi\EstateAgency.WebApi.csproj", "{33352ACC-AB80-4780-8619-FA22642B6D30}"
EndProject
Global
	GlobalSection(SolutionConfigurationPlatforms) = preSolution
		Debug|Any CPU = Debug|Any CPU
		Release|Any CPU = Release|Any CPU
	EndGlobalSection
	GlobalSection(ProjectConfigurationPlatforms) = postSolution
		{C01E6179-80AC-47B2-A698-4FA328F34D56}.Debug|Any CPU.ActiveCfg = Debug|Any CPU
		{C01E6179-80AC-47B2-A698-4FA328F34D56}.Debug|Any CPU.Build.0 = Debug|Any CPU
		{C01E6179-80AC-47B2-A698-4FA328F34D56}.Release|Any CPU.ActiveCfg = Release|Any CPU
		{C01E6179-80AC-47B2-A698-4FA328F34D56}.Release|Any CPU.Build.0 = Release|Any CPU
		{6683A5C3-C4C8-4A55-B62D-6744838695B2}.Debug|Any CPU.ActiveCfg = Debug|Any CPU
		{6683A5C3-C4C8-4A55-B62D-6744838695B2}.Debug|Any CPU.Build.0 = Debug|Any CPU
		{6683A5C3-C4C8-4A55-B62D-6744838695B2}.Release|Any CPU.ActiveCfg = Release|Any CPU
		{6683A5C3-C4C8-4A55-B62D-6744838695B2}.Release|Any CPU.Build.0 = Release|Any CPU
		{AC0311EC-7DEE-4D30-85B8-256CBB0B704F}.Debug|Any CPU.ActiveCfg = Debug|Any CPU
		{AC0311EC-7DEE-4D30-85B8-256CBB0B704F}.Debug|Any CPU.Build.0 = Debug|Any CPU
		{AC0311EC-7DEE-4D30-85B8-256CBB0B704F}.Release|Any CPU.ActiveCfg = Release|Any CPU
		{AC0311EC-7DEE-4D30-85B8-256CBB0B704F}.Release|Any CPU.Build.0 = Release|Any CPU
		{33352ACC-AB80-4780-8619-FA22642B6D30}.Debug|Any CPU.ActiveCfg = Debug|Any CPU
		{33352ACC-AB80-4780-8619-FA22642B6D30}.Debug|Any CPU.Build.0 = Debug|Any CPU
		{33352ACC-AB80-4780-8619-FA22642B6D30}.Release|Any CPU.ActiveCfg = Release|Any CPU
		{33352ACC-AB80-4780-8619-FA22642B6D30}.Release|Any CPU.Build.0 = Release|Any CPU
	EndGlobalSection
	GlobalSection(SolutionProperties) = preSolution
		HideSolutionNode = FALSE
	EndGlobalSection
	GlobalSection(ExtensibilityGlobals) = postSolution
		SolutionGuid = {0E76C88E-00A6-43D4-9D13-D16FC41A5308}
	EndGlobalSection
EndGlobal
